version = 1
revision = 2
requires-python = ">=3.10"

[[package]]
name = "asgiref"
version = "3.9.1"
source = { registry = "https://pypi.org/simple" }
dependencies = [
    { name = "typing-extensions", marker = "python_full_version < '3.11'" },
]
sdist = { url = "https://files.pythonhosted.org/packages/90/61/0aa957eec22ff70b830b22ff91f825e70e1ef732c06666a805730f28b36b/asgiref-3.9.1.tar.gz", hash = "sha256:a5ab6582236218e5ef1648f242fd9f10626cfd4de8dc377db215d5d5098e3142", size = 36870, upload-time = "2025-07-08T09:07:43.344Z" }
wheels = [
    { url = "https://files.pythonhosted.org/packages/7c/3c/0464dcada90d5da0e71018c04a140ad6349558afb30b3051b4264cc5b965/asgiref-3.9.1-py3-none-any.whl", hash = "sha256:f3bba7092a48005b5f5bacd747d36ee4a5a61f4a269a6df590b43144355ebd2c", size = 23790, upload-time = "2025-07-08T09:07:41.548Z" },
]

[[package]]
name = "backend"
version = "0.1.0"
source = { virtual = "." }
dependencies = [
    { name = "django" },
    { name = "django-cors-headers" },
    { name = "django-extensions" },
    { name = "django-rest-framework" },
    { name = "drf-nested-routers" },
    { name = "gunicorn" },
    { name = "pgpq" },
    { name = "psycopg", extra = ["binary"] },
]

[package.metadata]
requires-dist = [
    { name = "django", specifier = ">=5.2.6" },
    { name = "django-cors-headers", specifier = ">=4.8.0" },
    { name = "django-extensions", specifier = ">=4.1" },
    { name = "django-rest-framework", specifier = ">=0.1.0" },
    { name = "drf-nested-routers", specifier = ">=0.95.0" },
    { name = "gunicorn", specifier = ">=23.0.0" },
    { name = "pgpq", specifier = ">=0.9.0" },
    { name = "psycopg", extras = ["binary"], specifier = ">=3.2.10" },
]

[[package]]
name = "django"
version = "5.2.6"
source = { registry = "https://pypi.org/simple" }
dependencies = [
    { name = "asgiref" },
    { name = "sqlparse" },
    { name = "tzdata", marker = "sys_platform == 'win32'" },
]
sdist = { url = "https://files.pythonhosted.org/packages/4c/8c/2a21594337250a171d45dda926caa96309d5136becd1f48017247f9cdea0/django-5.2.6.tar.gz", hash = "sha256:da5e00372763193d73cecbf71084a3848458cecf4cee36b9a1e8d318d114a87b", size = 10858861, upload-time = "2025-09-03T13:04:03.23Z" }
wheels = [
    { url = "https://files.pythonhosted.org/packages/f5/af/6593f6d21404e842007b40fdeb81e73c20b6649b82d020bb0801b270174c/django-5.2.6-py3-none-any.whl", hash = "sha256:60549579b1174a304b77e24a93d8d9fafe6b6c03ac16311f3e25918ea5a20058", size = 8303111, upload-time = "2025-09-03T13:03:47.808Z" },
]

[[package]]
name = "django-cors-headers"
version = "4.8.0"
source = { registry = "https://pypi.org/simple" }
dependencies = [
    { name = "asgiref" },
    { name = "django" },
]
sdist = { url = "https://files.pythonhosted.org/packages/89/8e/6225441edcfe179bf4861e9e67489e33375e0b66316c8d7b9edaae863d37/django_cors_headers-4.8.0.tar.gz", hash = "sha256:0a12a2efcd59a3cea741e44db8ab589e929949de5bc4cdf35a29c6ae77297686", size = 21425, upload-time = "2025-09-08T15:58:05.34Z" }
wheels = [
    { url = "https://files.pythonhosted.org/packages/ac/b3/29ef49d6ff7800f323f3d98cde7777b3cfdda133de8feea84cffafea4578/django_cors_headers-4.8.0-py3-none-any.whl", hash = "sha256:3b883f4c6d07848673218456a5e070d8ab51f97341c1f27d0242ca167e7272ab", size = 12804, upload-time = "2025-09-08T15:58:03.882Z" },
]

[[package]]
name = "django-extensions"
version = "4.1"
source = { registry = "https://pypi.org/simple" }
dependencies = [
    { name = "django" },
]
sdist = { url = "https://files.pythonhosted.org/packages/6d/b3/ed0f54ed706ec0b54fd251cc0364a249c6cd6c6ec97f04dc34be5e929eac/django_extensions-4.1.tar.gz", hash = "sha256:7b70a4d28e9b840f44694e3f7feb54f55d495f8b3fa6c5c0e5e12bcb2aa3cdeb", size = 283078, upload-time = "2025-04-11T01:15:39.617Z" }
wheels = [
    { url = "https://files.pythonhosted.org/packages/64/96/d967ca440d6a8e3861120f51985d8e5aec79b9a8bdda16041206adfe7adc/django_extensions-4.1-py3-none-any.whl", hash = "sha256:0699a7af28f2523bf8db309a80278519362cd4b6e1fd0a8cd4bf063e1e023336", size = 232980, upload-time = "2025-04-11T01:15:37.701Z" },
]

[[package]]
name = "django-rest-framework"
version = "0.1.0"
source = { registry = "https://pypi.org/simple" }
dependencies = [
    { name = "djangorestframework" },
]
sdist = { url = "https://files.pythonhosted.org/packages/ed/d2/61159bc6efd1bf16adc4a2a48f7ace2080d1f7aef054f606d1857cab490c/django-rest-framework-0.1.0.tar.gz", hash = "sha256:47a8f496fa69e3b6bd79f68dd7a1527d907d6b77f009e9db7cf9bb21cc565e4a", size = 969, upload-time = "2017-07-20T17:14:33.345Z" }

[[package]]
name = "djangorestframework"
version = "3.16.1"
source = { registry = "https://pypi.org/simple" }
dependencies = [
    { name = "django" },
]
sdist = { url = "https://files.pythonhosted.org/packages/8a/95/5376fe618646fde6899b3cdc85fd959716bb67542e273a76a80d9f326f27/djangorestframework-3.16.1.tar.gz", hash = "sha256:166809528b1aced0a17dc66c24492af18049f2c9420dbd0be29422029cfc3ff7", size = 1089735, upload-time = "2025-08-06T17:50:53.251Z" }
wheels = [
    { url = "https://files.pythonhosted.org/packages/b0/ce/bf8b9d3f415be4ac5588545b5fcdbbb841977db1c1d923f7568eeabe1689/djangorestframework-3.16.1-py3-none-any.whl", hash = "sha256:33a59f47fb9c85ede792cbf88bde71893bcda0667bc573f784649521f1102cec", size = 1080442, upload-time = "2025-08-06T17:50:50.667Z" },
]

[[package]]
name = "drf-nested-routers"
version = "0.95.0"
source = { registry = "https://pypi.org/simple" }
dependencies = [
    { name = "django" },
    { name = "djangorestframework" },
]
sdist = { url = "https://files.pythonhosted.org/packages/ff/b2/070908ccd41bd6f025f5507d7f6e50009abe8be48393cc697d159b539f0b/drf_nested_routers-0.95.0.tar.gz", hash = "sha256:815978f802e578fd7035c74040c104909cbe97615de89a275d77e928f4029891", size = 23318, upload-time = "2025-09-09T02:01:58.201Z" }
wheels = [
    { url = "https://files.pythonhosted.org/packages/3e/61/69d951a6e8031389f5feade38531432325019e1047b23d5c6036a86c5e8f/drf_nested_routers-0.95.0-py2.py3-none-any.whl", hash = "sha256:dd489c33d667aaa81383ffaa8c74781d2b353d8f0795716ae37fc59ee297b7c4", size = 36407, upload-time = "2025-09-09T02:01:56.999Z" },
]

[[package]]
name = "gunicorn"
version = "23.0.0"
source = { registry = "https://pypi.org/simple" }
dependencies = [
    { name = "packaging" },
]
sdist = { url = "https://files.pythonhosted.org/packages/34/72/9614c465dc206155d93eff0ca20d42e1e35afc533971379482de953521a4/gunicorn-23.0.0.tar.gz", hash = "sha256:f014447a0101dc57e294f6c18ca6b40227a4c90e9bdb586042628030cba004ec", size = 375031, upload-time = "2024-08-10T20:25:27.378Z" }
wheels = [
    { url = "https://files.pythonhosted.org/packages/cb/7d/6dac2a6e1eba33ee43f318edbed4ff29151a49b5d37f080aad1e6469bca4/gunicorn-23.0.0-py3-none-any.whl", hash = "sha256:ec400d38950de4dfd418cff8328b2c8faed0edb0d517d3394e457c317908ca4d", size = 85029, upload-time = "2024-08-10T20:25:24.996Z" },
]

[[package]]
name = "packaging"
version = "25.0"
source = { registry = "https://pypi.org/simple" }
sdist = { url = "https://files.pythonhosted.org/packages/a1/d4/1fc4078c65507b51b96ca8f8c3ba19e6a61c8253c72794544580a7b6c24d/packaging-25.0.tar.gz", hash = "sha256:d443872c98d677bf60f6a1f2f8c1cb748e8fe762d2bf9d3148b5599295b0fc4f", size = 165727, upload-time = "2025-04-19T11:48:59.673Z" }
wheels = [
    { url = "https://files.pythonhosted.org/packages/20/12/38679034af332785aac8774540895e234f4d07f7545804097de4b666afd8/packaging-25.0-py3-none-any.whl", hash = "sha256:29572ef2b1f17581046b3a2227d5c611fb25ec70ca1ba8554b24b0e69331a484", size = 66469, upload-time = "2025-04-19T11:48:57.875Z" },
]

[[package]]
name = "pgpq"
version = "0.9.0"
source = { registry = "https://pypi.org/simple" }
dependencies = [
    { name = "pyarrow" },
]
sdist = { url = "https://files.pythonhosted.org/packages/6d/4b/fb2642353f18b9cf60e7fe06711f705a1d57d9d108ee88012c95b4ddf586/pgpq-0.9.0.tar.gz", hash = "sha256:7341d9a2c9d905fd782aac4c7c24b98340995a5454f83d36c4918fcafca3d5d8", size = 24901, upload-time = "2023-10-18T15:16:34.376Z" }
wheels = [
    { url = "https://files.pythonhosted.org/packages/ca/5b/3ec6ced557b6bde764c8bf527c4fef10ba4fe8ae50c399b74feb30bcc40d/pgpq-0.9.0-cp37-abi3-macosx_10_7_x86_64.whl", hash = "sha256:5d16e6f8c86339ae376e9f62ec5a15e73a1af4e39f982bf456904c03395eb2fa", size = 563723, upload-time = "2023-10-18T15:15:55.079Z" },
    { url = "https://files.pythonhosted.org/packages/5f/14/6bdd50f6bef237f398a6b3f6c335568c596c39b5c62d0a1a6e44b0441c1e/pgpq-0.9.0-cp37-abi3-macosx_10_9_x86_64.macosx_11_0_arm64.macosx_10_9_universal2.whl", hash = "sha256:b1c11911f7481b82c1a5272792953e40efe1d7e49290d4da787f5a927a1f3b1b", size = 1092773, upload-time = "2023-10-18T15:15:57.061Z" },
    { url = "https://files.pythonhosted.org/packages/e7/8f/8dc0ddfafa31a35d0c32429b8d43583a79ac9369366c6b52a7ef6477f1a5/pgpq-0.9.0-cp37-abi3-manylinux_2_17_aarch64.manylinux2014_aarch64.whl", hash = "sha256:ea47fcd7c5fae68f77a12a3a1b32d68f2f28a0dbccb98d89366d6e5973bb5c26", size = 572005, upload-time = "2023-10-18T15:15:58.591Z" },
    { url = "https://files.pythonhosted.org/packages/27/fd/3359b4079439cc8d0e8746fadede0198de09a8f0c899c804f01ebcad8a19/pgpq-0.9.0-cp37-abi3-manylinux_2_17_armv7l.manylinux2014_armv7l.whl", hash = "sha256:cd00b7bb24e58d7dc14e7a1f51f15c5f6f69ad64502f8ee68b6963c214d10a86", size = 543310, upload-time = "2023-10-18T15:16:00.031Z" },
    { url = "https://files.pythonhosted.org/packages/b0/9f/7812366dd4e04d003e6209bf70a81e884d9685bb2840e66056ccb7f72bdc/pgpq-0.9.0-cp37-abi3-manylinux_2_17_ppc64.manylinux2014_ppc64.whl", hash = "sha256:d39a369f2b77db2428850d85622ed5fa0506fc89a58ac9122cb83c1535273231", size = 893330, upload-time = "2023-10-18T15:16:02.159Z" },
    { url = "https://files.pythonhosted.org/packages/6c/14/49decb622edf24b0b5a3a1841748ba455caed9e024a3fa3fdc6ad1320427/pgpq-0.9.0-cp37-abi3-manylinux_2_17_ppc64le.manylinux2014_ppc64le.whl", hash = "sha256:ea460f7abdd1bb17fdc8b2312f63f141d5e93c21a28f93dd47309db4a5cdfa01", size = 842149, upload-time = "2023-10-18T15:16:03.791Z" },
    { url = "https://files.pythonhosted.org/packages/b4/08/3d6f0c5086d8059ff9ac53785a34dbf6bb3f4cac4ffab8ec7cd5aa23141e/pgpq-0.9.0-cp37-abi3-manylinux_2_17_s390x.manylinux2014_s390x.whl", hash = "sha256:a15a348d695e0a4a4998ab1ef0b8bbf5b927cbf53a124a89f9b7c3c51967833d", size = 789915, upload-time = "2023-10-18T15:16:05.48Z" },
    { url = "https://files.pythonhosted.org/packages/5e/1e/0561c2fa8ca9f43781aba5cd3badb379bd3c59d39538cee9ef1461cf8fbd/pgpq-0.9.0-cp37-abi3-manylinux_2_17_x86_64.manylinux2014_x86_64.whl", hash = "sha256:9a34708f8a1d5ad202c5e7726969638f0dadffd8a9463ef23c00db51e3a110ec", size = 604641, upload-time = "2023-10-18T15:16:07.332Z" },
    { url = "https://files.pythonhosted.org/packages/2b/1d/9d465ea07f59fe3c256af3a0f40713b59646bed0a8366b26cf63a9888f9f/pgpq-0.9.0-cp37-abi3-manylinux_2_5_i686.manylinux1_i686.whl", hash = "sha256:105b9bca22409fbb8adc8f2c1fc29d887c8d3bfdb8ab0defe911226f1681d3b1", size = 638664, upload-time = "2023-10-18T15:16:08.728Z" },
    { url = "https://files.pythonhosted.org/packages/7c/fe/10edc9c81f5fbc7cceffb1d5415bd7ef441021791192956f0ffd59254d79/pgpq-0.9.0-cp37-abi3-musllinux_1_2_aarch64.whl", hash = "sha256:5fac7b1c0f64e0bf7f0c11e81720b527593acc2b83c48d20669fd059e5e67f24", size = 749664, upload-time = "2023-10-18T15:16:10.579Z" },
    { url = "https://files.pythonhosted.org/packages/07/68/0db33bc0540789ba6ec2b8eda176a7fbd309f6dfc26bd056981de46e77c9/pgpq-0.9.0-cp37-abi3-musllinux_1_2_armv7l.whl", hash = "sha256:07068d5bf10fc54fafa6e28ed2c7551422d3366cce931f706ec184ed19ebac73", size = 806469, upload-time = "2023-10-18T15:16:12.07Z" },
    { url = "https://files.pythonhosted.org/packages/7c/64/7703af6d71c9e5be32015f6a9ecffc797b09bf7ce071a2f0c62c1b3ecdff/pgpq-0.9.0-cp37-abi3-musllinux_1_2_i686.whl", hash = "sha256:3e7cd18d0fa7fc216216561686cfa1da1c0ce6f2e175771b6f291edcdc0fb7b5", size = 787550, upload-time = "2023-10-18T15:16:13.984Z" },
    { url = "https://files.pythonhosted.org/packages/f8/1e/c86c3c8807d48eccddc555e74c3c130d2baa07d1ff0626d87c8d7e2932bc/pgpq-0.9.0-cp37-abi3-musllinux_1_2_x86_64.whl", hash = "sha256:acd844a36807db1ecb18289f24001d44a3fc8aefff01fe6f7a4b352fda659960", size = 776250, upload-time = "2023-10-18T15:16:15.433Z" },
    { url = "https://files.pythonhosted.org/packages/38/19/896bec40ba040141cfb4bf028c940152ccd6ca80bfc756a70ea6bdcad041/pgpq-0.9.0-cp37-abi3-win32.whl", hash = "sha256:56d06b6c2acdb0331135b298ffc6c9ea9c2785e153256c5cc1d2adbc0c85d096", size = 442228, upload-time = "2023-10-18T15:16:17.146Z" },
    { url = "https://files.pythonhosted.org/packages/df/96/e8f76dfcf12cbb40bda62867ec96aea19af626439578a0a602b309085973/pgpq-0.9.0-cp37-abi3-win_amd64.whl", hash = "sha256:1058f1ebb6cf2e879351c42af4cc7836bcd239cdff9690ba5c738b74450e9cc7", size = 501010, upload-time = "2023-10-18T15:16:18.445Z" },
]

[[package]]
name = "psycopg"
version = "3.2.10"
source = { registry = "https://pypi.org/simple" }
dependencies = [
    { name = "typing-extensions", marker = "python_full_version < '3.13'" },
    { name = "tzdata", marker = "sys_platform == 'win32'" },
]
sdist = { url = "https://files.pythonhosted.org/packages/a9/f1/0258a123c045afaf3c3b60c22ccff077bceeb24b8dc2c593270899353bd0/psycopg-3.2.10.tar.gz", hash = "sha256:0bce99269d16ed18401683a8569b2c5abd94f72f8364856d56c0389bcd50972a", size = 160380, upload-time = "2025-09-08T09:13:37.775Z" }
wheels = [
    { url = "https://files.pythonhosted.org/packages/4a/90/422ffbbeeb9418c795dae2a768db860401446af0c6768bc061ce22325f58/psycopg-3.2.10-py3-none-any.whl", hash = "sha256:ab5caf09a9ec42e314a21f5216dbcceac528e0e05142e42eea83a3b28b320ac3", size = 206586, upload-time = "2025-09-08T09:07:50.121Z" },
]

[package.optional-dependencies]
binary = [
    { name = "psycopg-binary", marker = "implementation_name != 'pypy'" },
]

[[package]]
name = "psycopg-binary"
version = "3.2.10"
source = { registry = "https://pypi.org/simple" }
wheels = [
    { url = "https://files.pythonhosted.org/packages/6d/0c/24c3717da5fbbf32c7a01efc4fd2013c29d89bba53c1760c5eb144029341/psycopg_binary-3.2.10-cp310-cp310-macosx_10_9_x86_64.whl", hash = "sha256:037dc92fc7d3f2adae7680e17216934c15b919d6528b908ac2eb52aecc0addcf", size = 3995298, upload-time = "2025-09-08T09:07:55.239Z" },
    { url = "https://files.pythonhosted.org/packages/d6/77/b75012e582f7d75213f2fe13c93ad52634c852bf9d7117a2a1d79be389a1/psycopg_binary-3.2.10-cp310-cp310-macosx_11_0_arm64.whl", hash = "sha256:84f7e8c5e5031db342ae697c2e8fb48cd708ba56990573b33e53ce626445371d", size = 4066585, upload-time = "2025-09-08T09:08:00.813Z" },
    { url = "https://files.pythonhosted.org/packages/cd/0c/bf1d016d2a957b522c3f2fa09aef04e18f652cdfce40c48459c116737933/psycopg_binary-3.2.10-cp310-cp310-manylinux2014_aarch64.manylinux_2_17_aarch64.whl", hash = "sha256:a5a81104d88780018005fe17c37fa55b4afbb6dd3c205963cc56c025d5f1cc32", size = 4625245, upload-time = "2025-09-08T09:08:05.295Z" },
    { url = "https://files.pythonhosted.org/packages/a3/89/42bd027fcd1da82d4828d203dfee4c0aba9412c4685d4b47ef098061f0df/psycopg_binary-3.2.10-cp310-cp310-manylinux2014_ppc64le.manylinux_2_17_ppc64le.whl", hash = "sha256:0c23e88e048bbc33f32f5a35981707c9418723d469552dd5ac4e956366e58492", size = 4721755, upload-time = "2025-09-08T09:08:11.246Z" },
    { url = "https://files.pythonhosted.org/packages/86/3e/6359d3d57a13a3a556635f76fb26f45d3377a6d4be23d45824525c2a67a6/psycopg_binary-3.2.10-cp310-cp310-manylinux2014_x86_64.manylinux_2_17_x86_64.whl", hash = "sha256:9c9f2728488ac5848acdbf14bb4fde50f8ba783cbf3c19e9abd506741389fa7f", size = 4406209, upload-time = "2025-09-08T09:08:18.172Z" },
    { url = "https://files.pythonhosted.org/packages/86/bf/0b25d8d5b2b67ea558e133c2ab7f22c0b4602956dd23b0d34485e44e8311/psycopg_binary-3.2.10-cp310-cp310-musllinux_1_2_aarch64.whl", hash = "sha256:ab1c6d761c4ee581016823dcc02f29b16ad69177fcbba88a9074c924fc31813e", size = 3881122, upload-time = "2025-09-08T09:08:25.116Z" },
    { url = "https://files.pythonhosted.org/packages/ac/6e/ee6bf664b16a759d22c4fc3c3d89eb15ff98d0feb3f487de5f4acde3014e/psycopg_binary-3.2.10-cp310-cp310-musllinux_1_2_ppc64le.whl", hash = "sha256:a024b3ee539a475cbc59df877c8ecdd6f8552a1b522b69196935bc26dc6152fb", size = 3562815, upload-time = "2025-09-08T09:08:31.046Z" },
    { url = "https://files.pythonhosted.org/packages/79/33/1cc4266b5d1c04f873a7fee8b92fa25ad690d2fcdfb5aecdfc2ea42c81a7/psycopg_binary-3.2.10-cp310-cp310-musllinux_1_2_x86_64.whl", hash = "sha256:50130c0d1a2a01ec3d41631df86b6c1646c76718be000600a399dc1aad80b813", size = 3604842, upload-time = "2025-09-08T09:08:36.771Z" },
    { url = "https://files.pythonhosted.org/packages/4a/f8/7db03368fc36daa5f3ae609696b5a91976878b62bf95310ba1e6c93d81df/psycopg_binary-3.2.10-cp310-cp310-win_amd64.whl", hash = "sha256:7fa1626225a162924d2da0ff4ef77869f7a8501d320355d2732be5bf2dda6138", size = 2886848, upload-time = "2025-09-08T09:08:42.906Z" },
    { url = "https://files.pythonhosted.org/packages/df/8c/f15bd09a0cc09f010c1462f1cb846d7d2706f0f6226ef8e953328243edcc/psycopg_binary-3.2.10-cp311-cp311-macosx_10_9_x86_64.whl", hash = "sha256:db0eb06a19e4c64a08db0db80875ede44939af6a2afc281762c338fad5d6e547", size = 4002654, upload-time = "2025-09-08T09:08:49.779Z" },
    { url = "https://files.pythonhosted.org/packages/c9/df/9b7c9db70b624b96544560d062c27030a817e932f1fa803b58e25b26dcdd/psycopg_binary-3.2.10-cp311-cp311-macosx_11_0_arm64.whl", hash = "sha256:d922fdd49ed17c558b6b2f9ae2054c3d0cced2a34e079ce5a41c86904d0203f7", size = 4074650, upload-time = "2025-09-08T09:08:57.53Z" },
    { url = "https://files.pythonhosted.org/packages/6b/32/7aba5874e1dfd90bc3dcd26dd9200ae65e1e6e169230759dad60139f1b99/psycopg_binary-3.2.10-cp311-cp311-manylinux2014_aarch64.manylinux_2_17_aarch64.whl", hash = "sha256:d557a94cd6d2e775b3af6cc0bd0ff0d9d641820b5cc3060ccf1f5ca2bf971217", size = 4630536, upload-time = "2025-09-08T09:09:03.492Z" },
    { url = "https://files.pythonhosted.org/packages/7d/b1/a430d08b4eb28dc534181eb68a9c2a9e90b77c0e2933e338790534e7dce0/psycopg_binary-3.2.10-cp311-cp311-manylinux2014_ppc64le.manylinux_2_17_ppc64le.whl", hash = "sha256:29b6bb87959515bc8b6abef10d8d23a9a681f03e48e9f0c8adb4b9fb7fa73f11", size = 4728387, upload-time = "2025-09-08T09:09:08.909Z" },
    { url = "https://files.pythonhosted.org/packages/1b/d4/26d0fa9e8e7c05f0338024d2822a3740fac6093999443ad54e164f154bcc/psycopg_binary-3.2.10-cp311-cp311-manylinux2014_x86_64.manylinux_2_17_x86_64.whl", hash = "sha256:1b29285474e3339d0840e1b5079fdb0481914108f92ec62de0c87ae333c60b24", size = 4413805, upload-time = "2025-09-08T09:09:13.704Z" },
    { url = "https://files.pythonhosted.org/packages/c9/f2/d05c037c02e2ac4cb1c5b895c6c82428b3eaa0c48d08767b771bc2ea155a/psycopg_binary-3.2.10-cp311-cp311-musllinux_1_2_aarch64.whl", hash = "sha256:62590dd113d10cd9c08251cb80b32e2e8aaf01ece04a700322e776b1d216959f", size = 3886830, upload-time = "2025-09-08T09:09:18.102Z" },
    { url = "https://files.pythonhosted.org/packages/8f/84/db3dee4335cd80c56e173a5ffbda6d17a7a10eeed030378d9adf3ab19ea7/psycopg_binary-3.2.10-cp311-cp311-musllinux_1_2_ppc64le.whl", hash = "sha256:764a5b9b40ad371c55dfdf95374d89e44a82fd62272d4fceebea0adb8930e2fb", size = 3568543, upload-time = "2025-09-08T09:09:22.765Z" },
    { url = "https://files.pythonhosted.org/packages/1b/45/4117274f24b8d49b8a9c1cb60488bb172ac9e57b8f804726115c332d16f8/psycopg_binary-3.2.10-cp311-cp311-musllinux_1_2_x86_64.whl", hash = "sha256:bd3676a04970cf825d2c771b0c147f91182c5a3653e0dbe958e12383668d0f79", size = 3610614, upload-time = "2025-09-08T09:09:27.534Z" },
    { url = "https://files.pythonhosted.org/packages/3c/22/f1b294dfc8af32a96a363aa99c0ebb530fc1c372a424c54a862dcf77ef47/psycopg_binary-3.2.10-cp311-cp311-win_amd64.whl", hash = "sha256:646048f46192c8d23786cc6ef19f35b7488d4110396391e407eca695fdfe9dcd", size = 2888340, upload-time = "2025-09-08T09:09:32.696Z" },
    { url = "https://files.pythonhosted.org/packages/a6/34/91c127fdedf8b270b1e3acc9f849d07ee8b80194379590c6f48dcc842924/psycopg_binary-3.2.10-cp312-cp312-macosx_10_13_x86_64.whl", hash = "sha256:1dee2f4d2adc9adacbfecf8254bd82f6ac95cff707e1b9b99aa721cd1ef16b47", size = 3983963, upload-time = "2025-09-08T09:09:38.454Z" },
    { url = "https://files.pythonhosted.org/packages/1e/03/1d10ce2bf70cf549a8019639dc0c49be03e41092901d4324371a968b8c01/psycopg_binary-3.2.10-cp312-cp312-macosx_11_0_arm64.whl", hash = "sha256:8b45e65383da9c4a42a56f817973e521e893f4faae897fe9f1a971f9fe799742", size = 4069171, upload-time = "2025-09-08T09:09:44.395Z" },
    { url = "https://files.pythonhosted.org/packages/4c/5e/39cb924d6e119145aa5fc5532f48e79c67e13a76675e9366c327098db7b5/psycopg_binary-3.2.10-cp312-cp312-manylinux2014_aarch64.manylinux_2_17_aarch64.whl", hash = "sha256:484d2b1659afe0f8f1cef5ea960bb640e96fa864faf917086f9f833f5c7a8034", size = 4610780, upload-time = "2025-09-08T09:09:53.073Z" },
    { url = "https://files.pythonhosted.org/packages/20/05/5a1282ebc4e39f5890abdd4bb7edfe9d19e4667497a1793ad288a8b81826/psycopg_binary-3.2.10-cp312-cp312-manylinux2014_ppc64le.manylinux_2_17_ppc64le.whl", hash = "sha256:3bb4046973264ebc8cb7e20a83882d68577c1f26a6f8ad4fe52e4468cd9a8eee", size = 4700479, upload-time = "2025-09-08T09:09:58.183Z" },
    { url = "https://files.pythonhosted.org/packages/af/7a/e1c06e558ca3f37b7e6b002e555ebcfce0bf4dee6f3ae589a7444e16ce17/psycopg_binary-3.2.10-cp312-cp312-manylinux2014_x86_64.manylinux_2_17_x86_64.whl", hash = "sha256:14bcbcac0cab465d88b2581e43ec01af4b01c9833e663f1352e05cb41be19e44", size = 4391772, upload-time = "2025-09-08T09:10:04.406Z" },
    { url = "https://files.pythonhosted.org/packages/6a/d6/56f449c86988c9a97dc6c5f31d3689cfe8aedb37f2a02bd3e3882465d385/psycopg_binary-3.2.10-cp312-cp312-musllinux_1_2_aarch64.whl", hash = "sha256:70bb7f665587dfd79e69f48b34efe226149454d7aab138ed22d5431d703de2f6", size = 3858214, upload-time = "2025-09-08T09:10:09.693Z" },
    { url = "https://files.pythonhosted.org/packages/93/56/f9eed67c9a1701b1e315f3687ff85f2f22a0a7d0eae4505cff65ef2f2679/psycopg_binary-3.2.10-cp312-cp312-musllinux_1_2_ppc64le.whl", hash = "sha256:d2fe9eaa367f6171ab1a21a7dcb335eb2398be7f8bb7e04a20e2260aedc6f782", size = 3528051, upload-time = "2025-09-08T09:10:13.423Z" },
    { url = "https://files.pythonhosted.org/packages/25/cc/636709c72540cb859566537c0a03e46c3d2c4c4c2e13f78df46b6c4082b3/psycopg_binary-3.2.10-cp312-cp312-musllinux_1_2_x86_64.whl", hash = "sha256:299834cce3eec0c48aae5a5207fc8f0c558fd65f2ceab1a36693329847da956b", size = 3580117, upload-time = "2025-09-08T09:10:17.81Z" },
    { url = "https://files.pythonhosted.org/packages/c1/a8/a2c822fa06b0dbbb8ad4b0221da2534f77bac54332d2971dbf930f64be5a/psycopg_binary-3.2.10-cp312-cp312-win_amd64.whl", hash = "sha256:e037aac8dc894d147ef33056fc826ee5072977107a3fdf06122224353a057598", size = 2878872, upload-time = "2025-09-08T09:10:22.162Z" },
    { url = "https://files.pythonhosted.org/packages/3a/80/db840f7ebf948ab05b4793ad34d4da6ad251829d6c02714445ae8b5f1403/psycopg_binary-3.2.10-cp313-cp313-macosx_10_13_x86_64.whl", hash = "sha256:55b14f2402be027fe1568bc6c4d75ac34628ff5442a70f74137dadf99f738e3b", size = 3982057, upload-time = "2025-09-08T09:10:28.725Z" },
    { url = "https://files.pythonhosted.org/packages/2d/53/39308328bb8388b1ec3501a16128c5ada405f217c6d91b3d921b9f3c5604/psycopg_binary-3.2.10-cp313-cp313-macosx_11_0_arm64.whl", hash = "sha256:43d803fb4e108a67c78ba58f3e6855437ca25d56504cae7ebbfbd8fce9b59247", size = 4066830, upload-time = "2025-09-08T09:10:34.083Z" },
    { url = "https://files.pythonhosted.org/packages/e7/5a/18e6f41b40c71197479468cb18703b2999c6e4ab06f9c05df3bf416a55d7/psycopg_binary-3.2.10-cp313-cp313-manylinux2014_aarch64.manylinux_2_17_aarch64.whl", hash = "sha256:470594d303928ab72a1ffd179c9c7bde9d00f76711d6b0c28f8a46ddf56d9807", size = 4610747, upload-time = "2025-09-08T09:10:39.697Z" },
    { url = "https://files.pythonhosted.org/packages/be/ab/9198fed279aca238c245553ec16504179d21aad049958a2865d0aa797db4/psycopg_binary-3.2.10-cp313-cp313-manylinux2014_ppc64le.manylinux_2_17_ppc64le.whl", hash = "sha256:a1d4e4d309049e3cb61269652a3ca56cb598da30ecd7eb8cea561e0d18bc1a43", size = 4700301, upload-time = "2025-09-08T09:10:44.715Z" },
    { url = "https://files.pythonhosted.org/packages/fc/0d/59024313b5e6c5da3e2a016103494c609d73a95157a86317e0f600c8acb3/psycopg_binary-3.2.10-cp313-cp313-manylinux2014_x86_64.manylinux_2_17_x86_64.whl", hash = "sha256:a92ff1c2cd79b3966d6a87e26ceb222ecd5581b5ae4b58961f126af806a861ed", size = 4392679, upload-time = "2025-09-08T09:10:49.106Z" },
    { url = "https://files.pythonhosted.org/packages/ff/47/21ef15d8a66e3a7a76a177f885173d27f0c5cbe39f5dd6eda9832d6b4e19/psycopg_binary-3.2.10-cp313-cp313-musllinux_1_2_aarch64.whl", hash = "sha256:ac0365398947879c9827b319217096be727da16c94422e0eb3cf98c930643162", size = 3857881, upload-time = "2025-09-08T09:10:56.75Z" },
    { url = "https://files.pythonhosted.org/packages/af/35/c5e5402ccd40016f15d708bbf343b8cf107a58f8ae34d14dc178fdea4fd4/psycopg_binary-3.2.10-cp313-cp313-musllinux_1_2_ppc64le.whl", hash = "sha256:42ee399c2613b470a87084ed79b06d9d277f19b0457c10e03a4aef7059097abc", size = 3531135, upload-time = "2025-09-08T09:11:03.346Z" },
    { url = "https://files.pythonhosted.org/packages/e6/e2/9b82946859001fe5e546c8749991b8b3b283f40d51bdc897d7a8e13e0a5e/psycopg_binary-3.2.10-cp313-cp313-musllinux_1_2_x86_64.whl", hash = "sha256:2028073fc12cd70ba003309d1439c0c4afab4a7eee7653b8c91213064fffe12b", size = 3581813, upload-time = "2025-09-08T09:11:08.76Z" },
    { url = "https://files.pythonhosted.org/packages/c5/91/c10cfccb75464adb4781486e0014ecd7c2ad6decf6cbe0afd8db65ac2bc9/psycopg_binary-3.2.10-cp313-cp313-win_amd64.whl", hash = "sha256:8390db6d2010ffcaf7f2b42339a2da620a7125d37029c1f9b72dfb04a8e7be6f", size = 2881466, upload-time = "2025-09-08T09:11:14.078Z" },
    { url = "https://files.pythonhosted.org/packages/fd/89/b0702ba0d007cc787dd7a205212c8c8cae229d1e7214c8e27bdd3b13d33e/psycopg_binary-3.2.10-cp314-cp314-macosx_10_13_x86_64.whl", hash = "sha256:b34c278a58aa79562afe7f45e0455b1f4cad5974fc3d5674cc5f1f9f57e97fc5", size = 3981253, upload-time = "2025-09-08T09:11:19.864Z" },
    { url = "https://files.pythonhosted.org/packages/dc/c9/e51ac72ac34d1d8ea7fd861008ad8de60e56997f5bd3fbae7536570f6f58/psycopg_binary-3.2.10-cp314-cp314-macosx_11_0_arm64.whl", hash = "sha256:810f65b9ef1fe9dddb5c05937884ea9563aaf4e1a2c3d138205231ed5f439511", size = 4067542, upload-time = "2025-09-08T09:11:25.366Z" },
    { url = "https://files.pythonhosted.org/packages/d6/27/49625c79ae89959a070c1fb63ebb5c6eed426fa09e15086b6f5b626fcdc2/psycopg_binary-3.2.10-cp314-cp314-manylinux2014_aarch64.manylinux_2_17_aarch64.whl", hash = "sha256:8923487c3898c65e1450847e15d734bb2e6adbd2e79d2d1dd5ad829a1306bdc0", size = 4615338, upload-time = "2025-09-08T09:11:31.079Z" },
    { url = "https://files.pythonhosted.org/packages/b9/0d/9fdb5482f50f56303770ea8a3b1c1f32105762da731c7e2a4f425e0b3887/psycopg_binary-3.2.10-cp314-cp314-manylinux2014_ppc64le.manylinux_2_17_ppc64le.whl", hash = "sha256:7950ff79df7a453ac8a7d7a74694055b6c15905b0a2b6e3c99eb59c51a3f9bf7", size = 4703401, upload-time = "2025-09-08T09:11:38.718Z" },
    { url = "https://files.pythonhosted.org/packages/3c/f3/eb2f75ca2c090bf1d0c90d6da29ef340876fe4533bcfc072a9fd94dd52b4/psycopg_binary-3.2.10-cp314-cp314-manylinux2014_x86_64.manylinux_2_17_x86_64.whl", hash = "sha256:0c2b95e83fda70ed2b0b4fadd8538572e4a4d987b721823981862d1ab56cc760", size = 4393458, upload-time = "2025-09-08T09:11:44.114Z" },
    { url = "https://files.pythonhosted.org/packages/20/2e/887abe0591b2f1c1af31164b9efb46c5763e4418f403503bc9fbddaa02ef/psycopg_binary-3.2.10-cp314-cp314-musllinux_1_2_aarch64.whl", hash = "sha256:20384985fbc650c09a547a13c6d7f91bb42020d38ceafd2b68b7fc4a48a1f160", size = 3863733, upload-time = "2025-09-08T09:11:49.237Z" },
    { url = "https://files.pythonhosted.org/packages/6b/8c/9446e3a84187220a98657ef778518f9b44eba55b1f6c3e8300d229ec9930/psycopg_binary-3.2.10-cp314-cp314-musllinux_1_2_ppc64le.whl", hash = "sha256:1f6982609b8ff8fcd67299b67cd5787da1876f3bb28fedd547262cfa8ddedf94", size = 3535121, upload-time = "2025-09-08T09:11:53.887Z" },
    { url = "https://files.pythonhosted.org/packages/b4/e1/f0382c956bfaa951a0dbd4d5a354acf093ef7e5219996958143dfd2bf37d/psycopg_binary-3.2.10-cp314-cp314-musllinux_1_2_x86_64.whl", hash = "sha256:bf30dcf6aaaa8d4779a20d2158bdf81cc8e84ce8eee595d748a7671c70c7b890", size = 3584235, upload-time = "2025-09-08T09:12:01.118Z" },
    { url = "https://files.pythonhosted.org/packages/5a/dd/464bd739bacb3b745a1c93bc15f20f0b1e27f0a64ec693367794b398673b/psycopg_binary-3.2.10-cp314-cp314-win_amd64.whl", hash = "sha256:d5c6a66a76022af41970bf19f51bc6bf87bd10165783dd1d40484bfd87d6b382", size = 2973554, upload-time = "2025-09-08T09:12:05.884Z" },
]

[[package]]
name = "pyarrow"
version = "21.0.0"
source = { registry = "https://pypi.org/simple" }
sdist = { url = "https://files.pythonhosted.org/packages/ef/c2/ea068b8f00905c06329a3dfcd40d0fcc2b7d0f2e355bdb25b65e0a0e4cd4/pyarrow-21.0.0.tar.gz", hash = "sha256:5051f2dccf0e283ff56335760cbc8622cf52264d67e359d5569541ac11b6d5bc", size = 1133487, upload-time = "2025-07-18T00:57:31.761Z" }
wheels = [
    { url = "https://files.pythonhosted.org/packages/17/d9/110de31880016e2afc52d8580b397dbe47615defbf09ca8cf55f56c62165/pyarrow-21.0.0-cp310-cp310-macosx_12_0_arm64.whl", hash = "sha256:e563271e2c5ff4d4a4cbeb2c83d5cf0d4938b891518e676025f7268c6fe5fe26", size = 31196837, upload-time = "2025-07-18T00:54:34.755Z" },
    { url = "https://files.pythonhosted.org/packages/df/5f/c1c1997613abf24fceb087e79432d24c19bc6f7259cab57c2c8e5e545fab/pyarrow-21.0.0-cp310-cp310-macosx_12_0_x86_64.whl", hash = "sha256:fee33b0ca46f4c85443d6c450357101e47d53e6c3f008d658c27a2d020d44c79", size = 32659470, upload-time = "2025-07-18T00:54:38.329Z" },
    { url = "https://files.pythonhosted.org/packages/3e/ed/b1589a777816ee33ba123ba1e4f8f02243a844fed0deec97bde9fb21a5cf/pyarrow-21.0.0-cp310-cp310-manylinux_2_28_aarch64.whl", hash = "sha256:7be45519b830f7c24b21d630a31d48bcebfd5d4d7f9d3bdb49da9cdf6d764edb", size = 41055619, upload-time = "2025-07-18T00:54:42.172Z" },
    { url = "https://files.pythonhosted.org/packages/44/28/b6672962639e85dc0ac36f71ab3a8f5f38e01b51343d7aa372a6b56fa3f3/pyarrow-21.0.0-cp310-cp310-manylinux_2_28_x86_64.whl", hash = "sha256:26bfd95f6bff443ceae63c65dc7e048670b7e98bc892210acba7e4995d3d4b51", size = 42733488, upload-time = "2025-07-18T00:54:47.132Z" },
    { url = "https://files.pythonhosted.org/packages/f8/cc/de02c3614874b9089c94eac093f90ca5dfa6d5afe45de3ba847fd950fdf1/pyarrow-21.0.0-cp310-cp310-musllinux_1_2_aarch64.whl", hash = "sha256:bd04ec08f7f8bd113c55868bd3fc442a9db67c27af098c5f814a3091e71cc61a", size = 43329159, upload-time = "2025-07-18T00:54:51.686Z" },
    { url = "https://files.pythonhosted.org/packages/a6/3e/99473332ac40278f196e105ce30b79ab8affab12f6194802f2593d6b0be2/pyarrow-21.0.0-cp310-cp310-musllinux_1_2_x86_64.whl", hash = "sha256:9b0b14b49ac10654332a805aedfc0147fb3469cbf8ea951b3d040dab12372594", size = 45050567, upload-time = "2025-07-18T00:54:56.679Z" },
    { url = "https://files.pythonhosted.org/packages/7b/f5/c372ef60593d713e8bfbb7e0c743501605f0ad00719146dc075faf11172b/pyarrow-21.0.0-cp310-cp310-win_amd64.whl", hash = "sha256:9d9f8bcb4c3be7738add259738abdeddc363de1b80e3310e04067aa1ca596634", size = 26217959, upload-time = "2025-07-18T00:55:00.482Z" },
    { url = "https://files.pythonhosted.org/packages/94/dc/80564a3071a57c20b7c32575e4a0120e8a330ef487c319b122942d665960/pyarrow-21.0.0-cp311-cp311-macosx_12_0_arm64.whl", hash = "sha256:c077f48aab61738c237802836fc3844f85409a46015635198761b0d6a688f87b", size = 31243234, upload-time = "2025-07-18T00:55:03.812Z" },
    { url = "https://files.pythonhosted.org/packages/ea/cc/3b51cb2db26fe535d14f74cab4c79b191ed9a8cd4cbba45e2379b5ca2746/pyarrow-21.0.0-cp311-cp311-macosx_12_0_x86_64.whl", hash = "sha256:689f448066781856237eca8d1975b98cace19b8dd2ab6145bf49475478bcaa10", size = 32714370, upload-time = "2025-07-18T00:55:07.495Z" },
    { url = "https://files.pythonhosted.org/packages/24/11/a4431f36d5ad7d83b87146f515c063e4d07ef0b7240876ddb885e6b44f2e/pyarrow-21.0.0-cp311-cp311-manylinux_2_28_aarch64.whl", hash = "sha256:479ee41399fcddc46159a551705b89c05f11e8b8cb8e968f7fec64f62d91985e", size = 41135424, upload-time = "2025-07-18T00:55:11.461Z" },
    { url = "https://files.pythonhosted.org/packages/74/dc/035d54638fc5d2971cbf1e987ccd45f1091c83bcf747281cf6cc25e72c88/pyarrow-21.0.0-cp311-cp311-manylinux_2_28_x86_64.whl", hash = "sha256:40ebfcb54a4f11bcde86bc586cbd0272bac0d516cfa539c799c2453768477569", size = 42823810, upload-time = "2025-07-18T00:55:16.301Z" },
    { url = "https://files.pythonhosted.org/packages/2e/3b/89fced102448a9e3e0d4dded1f37fa3ce4700f02cdb8665457fcc8015f5b/pyarrow-21.0.0-cp311-cp311-musllinux_1_2_aarch64.whl", hash = "sha256:8d58d8497814274d3d20214fbb24abcad2f7e351474357d552a8d53bce70c70e", size = 43391538, upload-time = "2025-07-18T00:55:23.82Z" },
    { url = "https://files.pythonhosted.org/packages/fb/bb/ea7f1bd08978d39debd3b23611c293f64a642557e8141c80635d501e6d53/pyarrow-21.0.0-cp311-cp311-musllinux_1_2_x86_64.whl", hash = "sha256:585e7224f21124dd57836b1530ac8f2df2afc43c861d7bf3d58a4870c42ae36c", size = 45120056, upload-time = "2025-07-18T00:55:28.231Z" },
    { url = "https://files.pythonhosted.org/packages/6e/0b/77ea0600009842b30ceebc3337639a7380cd946061b620ac1a2f3cb541e2/pyarrow-21.0.0-cp311-cp311-win_amd64.whl", hash = "sha256:555ca6935b2cbca2c0e932bedd853e9bc523098c39636de9ad4693b5b1df86d6", size = 26220568, upload-time = "2025-07-18T00:55:32.122Z" },
    { url = "https://files.pythonhosted.org/packages/ca/d4/d4f817b21aacc30195cf6a46ba041dd1be827efa4a623cc8bf39a1c2a0c0/pyarrow-21.0.0-cp312-cp312-macosx_12_0_arm64.whl", hash = "sha256:3a302f0e0963db37e0a24a70c56cf91a4faa0bca51c23812279ca2e23481fccd", size = 31160305, upload-time = "2025-07-18T00:55:35.373Z" },
    { url = "https://files.pythonhosted.org/packages/a2/9c/dcd38ce6e4b4d9a19e1d36914cb8e2b1da4e6003dd075474c4cfcdfe0601/pyarrow-21.0.0-cp312-cp312-macosx_12_0_x86_64.whl", hash = "sha256:b6b27cf01e243871390474a211a7922bfbe3bda21e39bc9160daf0da3fe48876", size = 32684264, upload-time = "2025-07-18T00:55:39.303Z" },
    { url = "https://files.pythonhosted.org/packages/4f/74/2a2d9f8d7a59b639523454bec12dba35ae3d0a07d8ab529dc0809f74b23c/pyarrow-21.0.0-cp312-cp312-manylinux_2_28_aarch64.whl", hash = "sha256:e72a8ec6b868e258a2cd2672d91f2860ad532d590ce94cdf7d5e7ec674ccf03d", size = 41108099, upload-time = "2025-07-18T00:55:42.889Z" },
    { url = "https://files.pythonhosted.org/packages/ad/90/2660332eeb31303c13b653ea566a9918484b6e4d6b9d2d46879a33ab0622/pyarrow-21.0.0-cp312-cp312-manylinux_2_28_x86_64.whl", hash = "sha256:b7ae0bbdc8c6674259b25bef5d2a1d6af5d39d7200c819cf99e07f7dfef1c51e", size = 42829529, upload-time = "2025-07-18T00:55:47.069Z" },
    { url = "https://files.pythonhosted.org/packages/33/27/1a93a25c92717f6aa0fca06eb4700860577d016cd3ae51aad0e0488ac899/pyarrow-21.0.0-cp312-cp312-musllinux_1_2_aarch64.whl", hash = "sha256:58c30a1729f82d201627c173d91bd431db88ea74dcaa3885855bc6203e433b82", size = 43367883, upload-time = "2025-07-18T00:55:53.069Z" },
    { url = "https://files.pythonhosted.org/packages/05/d9/4d09d919f35d599bc05c6950095e358c3e15148ead26292dfca1fb659b0c/pyarrow-21.0.0-cp312-cp312-musllinux_1_2_x86_64.whl", hash = "sha256:072116f65604b822a7f22945a7a6e581cfa28e3454fdcc6939d4ff6090126623", size = 45133802, upload-time = "2025-07-18T00:55:57.714Z" },
    { url = "https://files.pythonhosted.org/packages/71/30/f3795b6e192c3ab881325ffe172e526499eb3780e306a15103a2764916a2/pyarrow-21.0.0-cp312-cp312-win_amd64.whl", hash = "sha256:cf56ec8b0a5c8c9d7021d6fd754e688104f9ebebf1bf4449613c9531f5346a18", size = 26203175, upload-time = "2025-07-18T00:56:01.364Z" },
    { url = "https://files.pythonhosted.org/packages/16/ca/c7eaa8e62db8fb37ce942b1ea0c6d7abfe3786ca193957afa25e71b81b66/pyarrow-21.0.0-cp313-cp313-macosx_12_0_arm64.whl", hash = "sha256:e99310a4ebd4479bcd1964dff9e14af33746300cb014aa4a3781738ac63baf4a", size = 31154306, upload-time = "2025-07-18T00:56:04.42Z" },
    { url = "https://files.pythonhosted.org/packages/ce/e8/e87d9e3b2489302b3a1aea709aaca4b781c5252fcb812a17ab6275a9a484/pyarrow-21.0.0-cp313-cp313-macosx_12_0_x86_64.whl", hash = "sha256:d2fe8e7f3ce329a71b7ddd7498b3cfac0eeb200c2789bd840234f0dc271a8efe", size = 32680622, upload-time = "2025-07-18T00:56:07.505Z" },
    { url = "https://files.pythonhosted.org/packages/84/52/79095d73a742aa0aba370c7942b1b655f598069489ab387fe47261a849e1/pyarrow-21.0.0-cp313-cp313-manylinux_2_28_aarch64.whl", hash = "sha256:f522e5709379d72fb3da7785aa489ff0bb87448a9dc5a75f45763a795a089ebd", size = 41104094, upload-time = "2025-07-18T00:56:10.994Z" },
    { url = "https://files.pythonhosted.org/packages/89/4b/7782438b551dbb0468892a276b8c789b8bbdb25ea5c5eb27faadd753e037/pyarrow-21.0.0-cp313-cp313-manylinux_2_28_x86_64.whl", hash = "sha256:69cbbdf0631396e9925e048cfa5bce4e8c3d3b41562bbd70c685a8eb53a91e61", size = 42825576, upload-time = "2025-07-18T00:56:15.569Z" },
    { url = "https://files.pythonhosted.org/packages/b3/62/0f29de6e0a1e33518dec92c65be0351d32d7ca351e51ec5f4f837a9aab91/pyarrow-21.0.0-cp313-cp313-musllinux_1_2_aarch64.whl", hash = "sha256:731c7022587006b755d0bdb27626a1a3bb004bb56b11fb30d98b6c1b4718579d", size = 43368342, upload-time = "2025-07-18T00:56:19.531Z" },
    { url = "https://files.pythonhosted.org/packages/90/c7/0fa1f3f29cf75f339768cc698c8ad4ddd2481c1742e9741459911c9ac477/pyarrow-21.0.0-cp313-cp313-musllinux_1_2_x86_64.whl", hash = "sha256:dc56bc708f2d8ac71bd1dcb927e458c93cec10b98eb4120206a4091db7b67b99", size = 45131218, upload-time = "2025-07-18T00:56:23.347Z" },
    { url = "https://files.pythonhosted.org/packages/01/63/581f2076465e67b23bc5a37d4a2abff8362d389d29d8105832e82c9c811c/pyarrow-21.0.0-cp313-cp313-win_amd64.whl", hash = "sha256:186aa00bca62139f75b7de8420f745f2af12941595bbbfa7ed3870ff63e25636", size = 26087551, upload-time = "2025-07-18T00:56:26.758Z" },
    { url = "https://files.pythonhosted.org/packages/c9/ab/357d0d9648bb8241ee7348e564f2479d206ebe6e1c47ac5027c2e31ecd39/pyarrow-21.0.0-cp313-cp313t-macosx_12_0_arm64.whl", hash = "sha256:a7a102574faa3f421141a64c10216e078df467ab9576684d5cd696952546e2da", size = 31290064, upload-time = "2025-07-18T00:56:30.214Z" },
    { url = "https://files.pythonhosted.org/packages/3f/8a/5685d62a990e4cac2043fc76b4661bf38d06efed55cf45a334b455bd2759/pyarrow-21.0.0-cp313-cp313t-macosx_12_0_x86_64.whl", hash = "sha256:1e005378c4a2c6db3ada3ad4c217b381f6c886f0a80d6a316fe586b90f77efd7", size = 32727837, upload-time = "2025-07-18T00:56:33.935Z" },
    { url = "https://files.pythonhosted.org/packages/fc/de/c0828ee09525c2bafefd3e736a248ebe764d07d0fd762d4f0929dbc516c9/pyarrow-21.0.0-cp313-cp313t-manylinux_2_28_aarch64.whl", hash = "sha256:65f8e85f79031449ec8706b74504a316805217b35b6099155dd7e227eef0d4b6", size = 41014158, upload-time = "2025-07-18T00:56:37.528Z" },
    { url = "https://files.pythonhosted.org/packages/6e/26/a2865c420c50b7a3748320b614f3484bfcde8347b2639b2b903b21ce6a72/pyarrow-21.0.0-cp313-cp313t-manylinux_2_28_x86_64.whl", hash = "sha256:3a81486adc665c7eb1a2bde0224cfca6ceaba344a82a971ef059678417880eb8", size = 42667885, upload-time = "2025-07-18T00:56:41.483Z" },
    { url = "https://files.pythonhosted.org/packages/0a/f9/4ee798dc902533159250fb4321267730bc0a107d8c6889e07c3add4fe3a5/pyarrow-21.0.0-cp313-cp313t-musllinux_1_2_aarch64.whl", hash = "sha256:fc0d2f88b81dcf3ccf9a6ae17f89183762c8a94a5bdcfa09e05cfe413acf0503", size = 43276625, upload-time = "2025-07-18T00:56:48.002Z" },
    { url = "https://files.pythonhosted.org/packages/5a/da/e02544d6997037a4b0d22d8e5f66bc9315c3671371a8b18c79ade1cefe14/pyarrow-21.0.0-cp313-cp313t-musllinux_1_2_x86_64.whl", hash = "sha256:6299449adf89df38537837487a4f8d3bd91ec94354fdd2a7d30bc11c48ef6e79", size = 44951890, upload-time = "2025-07-18T00:56:52.568Z" },
    { url = "https://files.pythonhosted.org/packages/e5/4e/519c1bc1876625fe6b71e9a28287c43ec2f20f73c658b9ae1d485c0c206e/pyarrow-21.0.0-cp313-cp313t-win_amd64.whl", hash = "sha256:222c39e2c70113543982c6b34f3077962b44fca38c0bd9e68bb6781534425c10", size = 26371006, upload-time = "2025-07-18T00:56:56.379Z" },
]

[[package]]
name = "sqlparse"
version = "0.5.3"
source = { registry = "https://pypi.org/simple" }
sdist = { url = "https://files.pythonhosted.org/packages/e5/40/edede8dd6977b0d3da179a342c198ed100dd2aba4be081861ee5911e4da4/sqlparse-0.5.3.tar.gz", hash = "sha256:09f67787f56a0b16ecdbde1bfc7f5d9c3371ca683cfeaa8e6ff60b4807ec9272", size = 84999, upload-time = "2024-12-10T12:05:30.728Z" }
wheels = [
    { url = "https://files.pythonhosted.org/packages/a9/5c/bfd6bd0bf979426d405cc6e71eceb8701b148b16c21d2dc3c261efc61c7b/sqlparse-0.5.3-py3-none-any.whl", hash = "sha256:cf2196ed3418f3ba5de6af7e82c694a9fbdbfecccdfc72e281548517081f16ca", size = 44415, upload-time = "2024-12-10T12:05:27.824Z" },
]

[[package]]
name = "typing-extensions"
version = "4.15.0"
source = { registry = "https://pypi.org/simple" }
sdist = { url = "https://files.pythonhosted.org/packages/72/94/1a15dd82efb362ac84269196e94cf00f187f7ed21c242792a923cdb1c61f/typing_extensions-4.15.0.tar.gz", hash = "sha256:0cea48d173cc12fa28ecabc3b837ea3cf6f38c6d1136f85cbaaf598984861466", size = 109391, upload-time = "2025-08-25T13:49:26.313Z" }
wheels = [
    { url = "https://files.pythonhosted.org/packages/18/67/36e9267722cc04a6b9f15c7f3441c2363321a3ea07da7ae0c0707beb2a9c/typing_extensions-4.15.0-py3-none-any.whl", hash = "sha256:f0fa19c6845758ab08074a0cfa8b7aecb71c999ca73d62883bc25cc018c4e548", size = 44614, upload-time = "2025-08-25T13:49:24.86Z" },
]

[[package]]
name = "tzdata"
version = "2025.2"
source = { registry = "https://pypi.org/simple" }
sdist = { url = "https://files.pythonhosted.org/packages/95/32/1a225d6164441be760d75c2c42e2780dc0873fe382da3e98a2e1e48361e5/tzdata-2025.2.tar.gz", hash = "sha256:b60a638fcc0daffadf82fe0f57e53d06bdec2f36c4df66280ae79bce6bd6f2b9", size = 196380, upload-time = "2025-03-23T13:54:43.652Z" }
wheels = [
    { url = "https://files.pythonhosted.org/packages/5c/23/c7abc0ca0a1526a0774eca151daeb8de62ec457e77262b66b359c3c7679e/tzdata-2025.2-py2.py3-none-any.whl", hash = "sha256:1a403fada01ff9221ca8044d701868fa132215d84beb92242d9acd2147f667a8", size = 347839, upload-time = "2025-03-23T13:54:41.845Z" },
]
